
Microsoft Visual Studio Solution File, Format Version 12.00
# Visual Studio Version 17
VisualStudioVersion = 17.5.002.0
MinimumVisualStudioVersion = 10.0.40219.1
Project("{9A19103F-16F7-4668-BE54-9A1E7A4F7556}") = "Tde7", "Tde7.csproj", "{6E2BDB86-18C0-4E62-A44D-FF0B8F2785FE}"
EndProject
Global
	GlobalSection(SolutionConfigurationPlatforms) = preSolution
		Debug|Any CPU = Debug|Any CPU
		Release|Any CPU = Release|Any CPU
	EndGlobalSection
	GlobalSection(ProjectConfigurationPlatforms) = postSolution
		{6E2BDB86-18C0-4E62-A44D-FF0B8F2785FE}.Debug|Any CPU.ActiveCfg = Debug|Any CPU
		{6E2BDB86-18C0-4E62-A44D-FF0B8F2785FE}.Debug|Any CPU.Build.0 = Debug|Any CPU
		{6E2BDB86-18C0-4E62-A44D-FF0B8F2785FE}.Release|Any CPU.ActiveCfg = Release|Any CPU
		{6E2BDB86-18C0-4E62-A44D-FF0B8F2785FE}.Release|Any CPU.Build.0 = Release|Any CPU
	EndGlobalSection
	GlobalSection(SolutionProperties) = preSolution
		HideSolutionNode = FALSE
	EndGlobalSection
	GlobalSection(ExtensibilityGlobals) = postSolution
		SolutionGuid = {D0E33B0C-23D2-4695-A545-692F53EC0137}
	EndGlobalSection
EndGlobal
